// !$*UTF8*$!
{
	archiveVersion = 1;
	classes = {
	};
	objectVersion = 56;
	objects = {

/* Begin PBXBuildFile section */
		D06AD7CD2CC7D81E001F656F /* Base in Resources */ = {isa = PBXBuildFile; fileRef = D06AD7CC2CC7D81E001F656F /* Base */; };
		D06AD7CF2CC7D81F001F656F /* Assets.xcassets in Resources */ = {isa = PBXBuildFile; fileRef = D06AD7CE2CC7D81F001F656F /* Assets.xcassets */; };
		D06AD7D22CC7D81F001F656F /* Base in Resources */ = {isa = PBXBuildFile; fileRef = D06AD7D12CC7D81F001F656F /* Base */; };
		D07B8A932CC7D88B00A77891 /* BooksTableViewCell.swift in Sources */ = {isa = PBXBuildFile; fileRef = D07B8A792CC7D88B00A77891 /* BooksTableViewCell.swift */; };
		D07B8A942CC7D88B00A77891 /* Book.swift in Sources */ = {isa = PBXBuildFile; fileRef = D07B8A782CC7D88B00A77891 /* Book.swift */; };
		D07B8A952CC7D88B00A77891 /* CharacterTableViewCell.swift in Sources */ = {isa = PBXBuildFile; fileRef = D07B8A802CC7D88B00A77891 /* CharacterTableViewCell.swift */; };
		D07B8A962CC7D88B00A77891 /* HousesViewController.swift in Sources */ = {isa = PBXBuildFile; fileRef = D07B8A862CC7D88B00A77891 /* HousesViewController.swift */; };
		D07B8A972CC7D88B00A77891 /* CharactersViewModel.swift in Sources */ = {isa = PBXBuildFile; fileRef = D07B8A7F2CC7D88B00A77891 /* CharactersViewModel.swift */; };
		D07B8A982CC7D88B00A77891 /* RootViewModel.swift in Sources */ = {isa = PBXBuildFile; fileRef = D07B8A912CC7D88B00A77891 /* RootViewModel.swift */; };
		D07B8A992CC7D88B00A77891 /* HouseTableViewCell.swift in Sources */ = {isa = PBXBuildFile; fileRef = D07B8A882CC7D88B00A77891 /* HouseTableViewCell.swift */; };
		D07B8A9A2CC7D88B00A77891 /* JSONDecoderService.swift in Sources */ = {isa = PBXBuildFile; fileRef = D07B8A8B2CC7D88B00A77891 /* JSONDecoderService.swift */; };
		D07B8A9B2CC7D88B00A77891 /* Appearance.swift in Sources */ = {isa = PBXBuildFile; fileRef = D07B8A822CC7D88B00A77891 /* Appearance.swift */; };
		D07B8A9C2CC7D88B00A77891 /* GCDBlackBox.swift in Sources */ = {isa = PBXBuildFile; fileRef = D07B8A832CC7D88B00A77891 /* GCDBlackBox.swift */; };
		D07B8A9D2CC7D88B00A77891 /* MockNetworkService.swift in Sources */ = {isa = PBXBuildFile; fileRef = D07B8A8C2CC7D88B00A77891 /* MockNetworkService.swift */; };
		D07B8A9E2CC7D88B00A77891 /* RequestConstant.swift in Sources */ = {isa = PBXBuildFile; fileRef = D07B8A8E2CC7D88B00A77891 /* RequestConstant.swift */; };
		D07B8A9F2CC7D88B00A77891 /* Character.swift in Sources */ = {isa = PBXBuildFile; fileRef = D07B8A7D2CC7D88B00A77891 /* Character.swift */; };
		D07B8AA02CC7D88B00A77891 /* House.swift in Sources */ = {isa = PBXBuildFile; fileRef = D07B8A852CC7D88B00A77891 /* House.swift */; };
		D07B8AA12CC7D88B00A77891 /* BooksViewController.swift in Sources */ = {isa = PBXBuildFile; fileRef = D07B8A7A2CC7D88B00A77891 /* BooksViewController.swift */; };
		D07B8AA22CC7D88B00A77891 /* NetworkService.swift in Sources */ = {isa = PBXBuildFile; fileRef = D07B8A8D2CC7D88B00A77891 /* NetworkService.swift */; };
		D07B8AA32CC7D88B00A77891 /* RootViewController.swift in Sources */ = {isa = PBXBuildFile; fileRef = D07B8A902CC7D88B00A77891 /* RootViewController.swift */; };
		D07B8AA42CC7D88B00A77891 /* DateFormatterService.swift in Sources */ = {isa = PBXBuildFile; fileRef = D07B8A8A2CC7D88B00A77891 /* DateFormatterService.swift */; };
		D07B8AA52CC7D88B00A77891 /* CharactersViewController.swift in Sources */ = {isa = PBXBuildFile; fileRef = D07B8A7E2CC7D88B00A77891 /* CharactersViewController.swift */; };
		D07B8AA62CC7D88B00A77891 /* BooksViewModel.swift in Sources */ = {isa = PBXBuildFile; fileRef = D07B8A7B2CC7D88B00A77891 /* BooksViewModel.swift */; };
		D07B8AA72CC7D88B00A77891 /* HousesViewModel.swift in Sources */ = {isa = PBXBuildFile; fileRef = D07B8A872CC7D88B00A77891 /* HousesViewModel.swift */; };
		D07B8AA92CC7D8A600A77891 /* AppDelegate.swift in Sources */ = {isa = PBXBuildFile; fileRef = D07B8AA82CC7D8A600A77891 /* AppDelegate.swift */; };
		D07B8AAC2CC7D8F600A77891 /* PromiseKit in Frameworks */ = {isa = PBXBuildFile; productRef = D07B8AAB2CC7D8F600A77891 /* PromiseKit */; };
		D07B8AB42CC7D97B00A77891 /* MockNetworkService.swift in Sources */ = {isa = PBXBuildFile; fileRef = D07B8AB12CC7D97B00A77891 /* MockNetworkService.swift */; };
		D07B8AB52CC7D97B00A77891 /* HousesViewModelTests.swift in Sources */ = {isa = PBXBuildFile; fileRef = D07B8AAF2CC7D97B00A77891 /* HousesViewModelTests.swift */; };
		D07B8AB62CC7D97B00A77891 /* CharactersViewModelTests.swift in Sources */ = {isa = PBXBuildFile; fileRef = D07B8AAE2CC7D97B00A77891 /* CharactersViewModelTests.swift */; };
		D07B8AB72CC7D97B00A77891 /* NetworkServiceTests.swift in Sources */ = {isa = PBXBuildFile; fileRef = D07B8AB22CC7D97B00A77891 /* NetworkServiceTests.swift */; };
		D07B8AB82CC7D97B00A77891 /* RootViewControllerTests.swift in Sources */ = {isa = PBXBuildFile; fileRef = D07B8AB32CC7D97B00A77891 /* RootViewControllerTests.swift */; };
		D07B8AB92CC7D97B00A77891 /* MockJSONDecoderService.swift in Sources */ = {isa = PBXBuildFile; fileRef = D07B8AB02CC7D97B00A77891 /* MockJSONDecoderService.swift */; };
		D07B8ABA2CC7D97B00A77891 /* BooksViewModelTests.swift in Sources */ = {isa = PBXBuildFile; fileRef = D07B8AAD2CC7D97B00A77891 /* BooksViewModelTests.swift */; };
		D07B8ABE2CC7D98D00A77891 /* CharactersViewControllerUITests.swift in Sources */ = {isa = PBXBuildFile; fileRef = D07B8ABC2CC7D98D00A77891 /* CharactersViewControllerUITests.swift */; };
		D07B8ABF2CC7D98D00A77891 /* HousesViewControllerUITests.swift in Sources */ = {isa = PBXBuildFile; fileRef = D07B8ABD2CC7D98D00A77891 /* HousesViewControllerUITests.swift */; };
		D07B8AC02CC7D98D00A77891 /* BooksViewControllerUITests.swift in Sources */ = {isa = PBXBuildFile; fileRef = D07B8ABB2CC7D98D00A77891 /* BooksViewControllerUITests.swift */; };
/* End PBXBuildFile section */

/* Begin PBXContainerItemProxy section */
		D06AD7D92CC7D81F001F656F /* PBXContainerItemProxy */ = {
			isa = PBXContainerItemProxy;
			containerPortal = D06AD7BA2CC7D81E001F656F /* Project object */;
			proxyType = 1;
			remoteGlobalIDString = D06AD7C12CC7D81E001F656F;
			remoteInfo = GameOfThronesXcode15;
		};
		D06AD7E32CC7D81F001F656F /* PBXContainerItemProxy */ = {
			isa = PBXContainerItemProxy;
			containerPortal = D06AD7BA2CC7D81E001F656F /* Project object */;
			proxyType = 1;
			remoteGlobalIDString = D06AD7C12CC7D81E001F656F;
			remoteInfo = GameOfThronesXcode15;
		};
/* End PBXContainerItemProxy section */

/* Begin PBXFileReference section */
		D06AD7C22CC7D81E001F656F /* GameOfThronesXcode15.app */ = {isa = PBXFileReference; explicitFileType = wrapper.application; includeInIndex = 0; path = GameOfThronesXcode15.app; sourceTree = BUILT_PRODUCTS_DIR; };
		D06AD7CC2CC7D81E001F656F /* Base */ = {isa = PBXFileReference; lastKnownFileType = file.storyboard; name = Base; path = Base.lproj/Main.storyboard; sourceTree = "<group>"; };
		D06AD7CE2CC7D81F001F656F /* Assets.xcassets */ = {isa = PBXFileReference; lastKnownFileType = folder.assetcatalog; path = Assets.xcassets; sourceTree = "<group>"; };
		D06AD7D12CC7D81F001F656F /* Base */ = {isa = PBXFileReference; lastKnownFileType = file.storyboard; name = Base; path = Base.lproj/LaunchScreen.storyboard; sourceTree = "<group>"; };
		D06AD7D32CC7D81F001F656F /* Info.plist */ = {isa = PBXFileReference; lastKnownFileType = text.plist.xml; path = Info.plist; sourceTree = "<group>"; };
		D06AD7D82CC7D81F001F656F /* GameOfThronesXcode15Tests.xctest */ = {isa = PBXFileReference; explicitFileType = wrapper.cfbundle; includeInIndex = 0; path = GameOfThronesXcode15Tests.xctest; sourceTree = BUILT_PRODUCTS_DIR; };
		D06AD7E22CC7D81F001F656F /* GameOfThronesXcode15UITests.xctest */ = {isa = PBXFileReference; explicitFileType = wrapper.cfbundle; includeInIndex = 0; path = GameOfThronesXcode15UITests.xctest; sourceTree = BUILT_PRODUCTS_DIR; };
		D07B8A782CC7D88B00A77891 /* Book.swift */ = {isa = PBXFileReference; lastKnownFileType = sourcecode.swift; path = Book.swift; sourceTree = "<group>"; };
		D07B8A792CC7D88B00A77891 /* BooksTableViewCell.swift */ = {isa = PBXFileReference; lastKnownFileType = sourcecode.swift; path = BooksTableViewCell.swift; sourceTree = "<group>"; };
		D07B8A7A2CC7D88B00A77891 /* BooksViewController.swift */ = {isa = PBXFileReference; lastKnownFileType = sourcecode.swift; path = BooksViewController.swift; sourceTree = "<group>"; };
		D07B8A7B2CC7D88B00A77891 /* BooksViewModel.swift */ = {isa = PBXFileReference; lastKnownFileType = sourcecode.swift; path = BooksViewModel.swift; sourceTree = "<group>"; };
		D07B8A7D2CC7D88B00A77891 /* Character.swift */ = {isa = PBXFileReference; lastKnownFileType = sourcecode.swift; path = Character.swift; sourceTree = "<group>"; };
		D07B8A7E2CC7D88B00A77891 /* CharactersViewController.swift */ = {isa = PBXFileReference; lastKnownFileType = sourcecode.swift; path = CharactersViewController.swift; sourceTree = "<group>"; };
		D07B8A7F2CC7D88B00A77891 /* CharactersViewModel.swift */ = {isa = PBXFileReference; lastKnownFileType = sourcecode.swift; path = CharactersViewModel.swift; sourceTree = "<group>"; };
		D07B8A802CC7D88B00A77891 /* CharacterTableViewCell.swift */ = {isa = PBXFileReference; lastKnownFileType = sourcecode.swift; path = CharacterTableViewCell.swift; sourceTree = "<group>"; };
		D07B8A822CC7D88B00A77891 /* Appearance.swift */ = {isa = PBXFileReference; lastKnownFileType = sourcecode.swift; path = Appearance.swift; sourceTree = "<group>"; };
		D07B8A832CC7D88B00A77891 /* GCDBlackBox.swift */ = {isa = PBXFileReference; lastKnownFileType = sourcecode.swift; path = GCDBlackBox.swift; sourceTree = "<group>"; };
		D07B8A852CC7D88B00A77891 /* House.swift */ = {isa = PBXFileReference; lastKnownFileType = sourcecode.swift; path = House.swift; sourceTree = "<group>"; };
		D07B8A862CC7D88B00A77891 /* HousesViewController.swift */ = {isa = PBXFileReference; lastKnownFileType = sourcecode.swift; path = HousesViewController.swift; sourceTree = "<group>"; };
		D07B8A872CC7D88B00A77891 /* HousesViewModel.swift */ = {isa = PBXFileReference; lastKnownFileType = sourcecode.swift; path = HousesViewModel.swift; sourceTree = "<group>"; };
		D07B8A882CC7D88B00A77891 /* HouseTableViewCell.swift */ = {isa = PBXFileReference; lastKnownFileType = sourcecode.swift; path = HouseTableViewCell.swift; sourceTree = "<group>"; };
		D07B8A8A2CC7D88B00A77891 /* DateFormatterService.swift */ = {isa = PBXFileReference; lastKnownFileType = sourcecode.swift; path = DateFormatterService.swift; sourceTree = "<group>"; };
		D07B8A8B2CC7D88B00A77891 /* JSONDecoderService.swift */ = {isa = PBXFileReference; lastKnownFileType = sourcecode.swift; path = JSONDecoderService.swift; sourceTree = "<group>"; };
		D07B8A8C2CC7D88B00A77891 /* MockNetworkService.swift */ = {isa = PBXFileReference; lastKnownFileType = sourcecode.swift; path = MockNetworkService.swift; sourceTree = "<group>"; };
		D07B8A8D2CC7D88B00A77891 /* NetworkService.swift */ = {isa = PBXFileReference; lastKnownFileType = sourcecode.swift; path = NetworkService.swift; sourceTree = "<group>"; };
		D07B8A8E2CC7D88B00A77891 /* RequestConstant.swift */ = {isa = PBXFileReference; lastKnownFileType = sourcecode.swift; path = RequestConstant.swift; sourceTree = "<group>"; };
		D07B8A902CC7D88B00A77891 /* RootViewController.swift */ = {isa = PBXFileReference; lastKnownFileType = sourcecode.swift; path = RootViewController.swift; sourceTree = "<group>"; };
		D07B8A912CC7D88B00A77891 /* RootViewModel.swift */ = {isa = PBXFileReference; lastKnownFileType = sourcecode.swift; path = RootViewModel.swift; sourceTree = "<group>"; };
		D07B8AA82CC7D8A600A77891 /* AppDelegate.swift */ = {isa = PBXFileReference; lastKnownFileType = sourcecode.swift; path = AppDelegate.swift; sourceTree = "<group>"; };
		D07B8AAD2CC7D97B00A77891 /* BooksViewModelTests.swift */ = {isa = PBXFileReference; lastKnownFileType = sourcecode.swift; path = BooksViewModelTests.swift; sourceTree = "<group>"; };
		D07B8AAE2CC7D97B00A77891 /* CharactersViewModelTests.swift */ = {isa = PBXFileReference; lastKnownFileType = sourcecode.swift; path = CharactersViewModelTests.swift; sourceTree = "<group>"; };
		D07B8AAF2CC7D97B00A77891 /* HousesViewModelTests.swift */ = {isa = PBXFileReference; lastKnownFileType = sourcecode.swift; path = HousesViewModelTests.swift; sourceTree = "<group>"; };
		D07B8AB02CC7D97B00A77891 /* MockJSONDecoderService.swift */ = {isa = PBXFileReference; lastKnownFileType = sourcecode.swift; path = MockJSONDecoderService.swift; sourceTree = "<group>"; };
		D07B8AB12CC7D97B00A77891 /* MockNetworkService.swift */ = {isa = PBXFileReference; lastKnownFileType = sourcecode.swift; path = MockNetworkService.swift; sourceTree = "<group>"; };
		D07B8AB22CC7D97B00A77891 /* NetworkServiceTests.swift */ = {isa = PBXFileReference; lastKnownFileType = sourcecode.swift; path = NetworkServiceTests.swift; sourceTree = "<group>"; };
		D07B8AB32CC7D97B00A77891 /* RootViewControllerTests.swift */ = {isa = PBXFileReference; lastKnownFileType = sourcecode.swift; path = RootViewControllerTests.swift; sourceTree = "<group>"; };
		D07B8ABB2CC7D98D00A77891 /* BooksViewControllerUITests.swift */ = {isa = PBXFileReference; lastKnownFileType = sourcecode.swift; path = BooksViewControllerUITests.swift; sourceTree = "<group>"; };
		D07B8ABC2CC7D98D00A77891 /* CharactersViewControllerUITests.swift */ = {isa = PBXFileReference; lastKnownFileType = sourcecode.swift; path = CharactersViewControllerUITests.swift; sourceTree = "<group>"; };
		D07B8ABD2CC7D98D00A77891 /* HousesViewControllerUITests.swift */ = {isa = PBXFileReference; lastKnownFileType = sourcecode.swift; path = HousesViewControllerUITests.swift; sourceTree = "<group>"; };
/* End PBXFileReference section */

/* Begin PBXFrameworksBuildPhase section */
		D06AD7BF2CC7D81E001F656F /* Frameworks */ = {
			isa = PBXFrameworksBuildPhase;
			buildActionMask = 2147483647;
			files = (
				D07B8AAC2CC7D8F600A77891 /* PromiseKit in Frameworks */,
			);
			runOnlyForDeploymentPostprocessing = 0;
		};
		D06AD7D52CC7D81F001F656F /* Frameworks */ = {
			isa = PBXFrameworksBuildPhase;
			buildActionMask = 2147483647;
			files = (
			);
			runOnlyForDeploymentPostprocessing = 0;
		};
		D06AD7DF2CC7D81F001F656F /* Frameworks */ = {
			isa = PBXFrameworksBuildPhase;
			buildActionMask = 2147483647;
			files = (
			);
			runOnlyForDeploymentPostprocessing = 0;
		};
/* End PBXFrameworksBuildPhase section */

/* Begin PBXGroup section */
		D06AD7B92CC7D81E001F656F = {
			isa = PBXGroup;
			children = (
				D06AD7C42CC7D81E001F656F /* GameOfThronesXcode15 */,
				D06AD7DB2CC7D81F001F656F /* GameOfThronesXcode15Tests */,
				D06AD7E52CC7D81F001F656F /* GameOfThronesXcode15UITests */,
				D06AD7C32CC7D81E001F656F /* Products */,
			);
			sourceTree = "<group>";
		};
		D06AD7C32CC7D81E001F656F /* Products */ = {
			isa = PBXGroup;
			children = (
				D06AD7C22CC7D81E001F656F /* GameOfThronesXcode15.app */,
				D06AD7D82CC7D81F001F656F /* GameOfThronesXcode15Tests.xctest */,
				D06AD7E22CC7D81F001F656F /* GameOfThronesXcode15UITests.xctest */,
			);
			name = Products;
			sourceTree = "<group>";
		};
		D06AD7C42CC7D81E001F656F /* GameOfThronesXcode15 */ = {
			isa = PBXGroup;
			children = (
				D07B8AA82CC7D8A600A77891 /* AppDelegate.swift */,
				D07B8A7C2CC7D88B00A77891 /* Books */,
				D07B8A812CC7D88B00A77891 /* Characters */,
				D07B8A842CC7D88B00A77891 /* Helper */,
				D07B8A892CC7D88B00A77891 /* Houses */,
				D07B8A8F2CC7D88B00A77891 /* Network */,
				D07B8A922CC7D88B00A77891 /* Roots */,
				D06AD7CB2CC7D81E001F656F /* Main.storyboard */,
				D06AD7CE2CC7D81F001F656F /* Assets.xcassets */,
				D06AD7D02CC7D81F001F656F /* LaunchScreen.storyboard */,
				D06AD7D32CC7D81F001F656F /* Info.plist */,
			);
			path = GameOfThronesXcode15;
			sourceTree = "<group>";
		};
		D06AD7DB2CC7D81F001F656F /* GameOfThronesXcode15Tests */ = {
			isa = PBXGroup;
			children = (
				D07B8AAD2CC7D97B00A77891 /* BooksViewModelTests.swift */,
				D07B8AAE2CC7D97B00A77891 /* CharactersViewModelTests.swift */,
				D07B8AAF2CC7D97B00A77891 /* HousesViewModelTests.swift */,
				D07B8AB02CC7D97B00A77891 /* MockJSONDecoderService.swift */,
				D07B8AB12CC7D97B00A77891 /* MockNetworkService.swift */,
				D07B8AB22CC7D97B00A77891 /* NetworkServiceTests.swift */,
				D07B8AB32CC7D97B00A77891 /* RootViewControllerTests.swift */,
			);
			path = GameOfThronesXcode15Tests;
			sourceTree = "<group>";
		};
		D06AD7E52CC7D81F001F656F /* GameOfThronesXcode15UITests */ = {
			isa = PBXGroup;
			children = (
				D07B8ABB2CC7D98D00A77891 /* BooksViewControllerUITests.swift */,
				D07B8ABC2CC7D98D00A77891 /* CharactersViewControllerUITests.swift */,
				D07B8ABD2CC7D98D00A77891 /* HousesViewControllerUITests.swift */,
			);
			path = GameOfThronesXcode15UITests;
			sourceTree = "<group>";
		};
		D07B8A7C2CC7D88B00A77891 /* Books */ = {
			isa = PBXGroup;
			children = (
				D07B8A782CC7D88B00A77891 /* Book.swift */,
				D07B8A792CC7D88B00A77891 /* BooksTableViewCell.swift */,
				D07B8A7A2CC7D88B00A77891 /* BooksViewController.swift */,
				D07B8A7B2CC7D88B00A77891 /* BooksViewModel.swift */,
			);
			path = Books;
			sourceTree = "<group>";
		};
		D07B8A812CC7D88B00A77891 /* Characters */ = {
			isa = PBXGroup;
			children = (
				D07B8A7D2CC7D88B00A77891 /* Character.swift */,
				D07B8A7E2CC7D88B00A77891 /* CharactersViewController.swift */,
				D07B8A7F2CC7D88B00A77891 /* CharactersViewModel.swift */,
				D07B8A802CC7D88B00A77891 /* CharacterTableViewCell.swift */,
			);
			path = Characters;
			sourceTree = "<group>";
		};
		D07B8A842CC7D88B00A77891 /* Helper */ = {
			isa = PBXGroup;
			children = (
				D07B8A822CC7D88B00A77891 /* Appearance.swift */,
				D07B8A832CC7D88B00A77891 /* GCDBlackBox.swift */,
			);
			path = Helper;
			sourceTree = "<group>";
		};
		D07B8A892CC7D88B00A77891 /* Houses */ = {
			isa = PBXGroup;
			children = (
				D07B8A852CC7D88B00A77891 /* House.swift */,
				D07B8A862CC7D88B00A77891 /* HousesViewController.swift */,
				D07B8A872CC7D88B00A77891 /* HousesViewModel.swift */,
				D07B8A882CC7D88B00A77891 /* HouseTableViewCell.swift */,
			);
			path = Houses;
			sourceTree = "<group>";
		};
		D07B8A8F2CC7D88B00A77891 /* Network */ = {
			isa = PBXGroup;
			children = (
				D07B8A8A2CC7D88B00A77891 /* DateFormatterService.swift */,
				D07B8A8B2CC7D88B00A77891 /* JSONDecoderService.swift */,
				D07B8A8C2CC7D88B00A77891 /* MockNetworkService.swift */,
				D07B8A8D2CC7D88B00A77891 /* NetworkService.swift */,
				D07B8A8E2CC7D88B00A77891 /* RequestConstant.swift */,
			);
			path = Network;
			sourceTree = "<group>";
		};
		D07B8A922CC7D88B00A77891 /* Roots */ = {
			isa = PBXGroup;
			children = (
				D07B8A902CC7D88B00A77891 /* RootViewController.swift */,
				D07B8A912CC7D88B00A77891 /* RootViewModel.swift */,
			);
			path = Roots;
			sourceTree = "<group>";
		};
/* End PBXGroup section */

/* Begin PBXNativeTarget section */
		D06AD7C12CC7D81E001F656F /* GameOfThronesXcode15 */ = {
			isa = PBXNativeTarget;
			buildConfigurationList = D06AD7EC2CC7D81F001F656F /* Build configuration list for PBXNativeTarget "GameOfThronesXcode15" */;
			buildPhases = (
				D06AD7BE2CC7D81E001F656F /* Sources */,
				D06AD7BF2CC7D81E001F656F /* Frameworks */,
				D06AD7C02CC7D81E001F656F /* Resources */,
			);
			buildRules = (
			);
			dependencies = (
			);
			name = GameOfThronesXcode15;
			productName = GameOfThronesXcode15;
			productReference = D06AD7C22CC7D81E001F656F /* GameOfThronesXcode15.app */;
			productType = "com.apple.product-type.application";
		};
		D06AD7D72CC7D81F001F656F /* GameOfThronesXcode15Tests */ = {
			isa = PBXNativeTarget;
			buildConfigurationList = D06AD7EF2CC7D81F001F656F /* Build configuration list for PBXNativeTarget "GameOfThronesXcode15Tests" */;
			buildPhases = (
				D06AD7D42CC7D81F001F656F /* Sources */,
				D06AD7D52CC7D81F001F656F /* Frameworks */,
				D06AD7D62CC7D81F001F656F /* Resources */,
			);
			buildRules = (
			);
			dependencies = (
				D06AD7DA2CC7D81F001F656F /* PBXTargetDependency */,
			);
			name = GameOfThronesXcode15Tests;
			productName = GameOfThronesXcode15Tests;
			productReference = D06AD7D82CC7D81F001F656F /* GameOfThronesXcode15Tests.xctest */;
			productType = "com.apple.product-type.bundle.unit-test";
		};
		D06AD7E12CC7D81F001F656F /* GameOfThronesXcode15UITests */ = {
			isa = PBXNativeTarget;
			buildConfigurationList = D06AD7F22CC7D81F001F656F /* Build configuration list for PBXNativeTarget "GameOfThronesXcode15UITests" */;
			buildPhases = (
				D06AD7DE2CC7D81F001F656F /* Sources */,
				D06AD7DF2CC7D81F001F656F /* Frameworks */,
				D06AD7E02CC7D81F001F656F /* Resources */,
			);
			buildRules = (
			);
			dependencies = (
				D06AD7E42CC7D81F001F656F /* PBXTargetDependency */,
			);
			name = GameOfThronesXcode15UITests;
			productName = GameOfThronesXcode15UITests;
			productReference = D06AD7E22CC7D81F001F656F /* GameOfThronesXcode15UITests.xctest */;
			productType = "com.apple.product-type.bundle.ui-testing";
		};
/* End PBXNativeTarget section */

/* Begin PBXProject section */
		D06AD7BA2CC7D81E001F656F /* Project object */ = {
			isa = PBXProject;
			attributes = {
				BuildIndependentTargetsInParallel = 1;
				LastSwiftUpdateCheck = 1540;
				LastUpgradeCheck = 1540;
				TargetAttributes = {
					D06AD7C12CC7D81E001F656F = {
						CreatedOnToolsVersion = 15.4;
					};
					D06AD7D72CC7D81F001F656F = {
						CreatedOnToolsVersion = 15.4;
						LastSwiftMigration = 1600;
						TestTargetID = D06AD7C12CC7D81E001F656F;
					};
					D06AD7E12CC7D81F001F656F = {
						CreatedOnToolsVersion = 15.4;
						LastSwiftMigration = 1600;
						TestTargetID = D06AD7C12CC7D81E001F656F;
					};
				};
			};
			buildConfigurationList = D06AD7BD2CC7D81E001F656F /* Build configuration list for PBXProject "GameOfThronesXcode15" */;
			compatibilityVersion = "Xcode 14.0";
			developmentRegion = en;
			hasScannedForEncodings = 0;
			knownRegions = (
				en,
				Base,
			);
			mainGroup = D06AD7B92CC7D81E001F656F;
			packageReferences = (
				D07B8AAA2CC7D8F600A77891 /* XCRemoteSwiftPackageReference "PromiseKit" */,
			);
			productRefGroup = D06AD7C32CC7D81E001F656F /* Products */;
			projectDirPath = "";
			projectRoot = "";
			targets = (
				D06AD7C12CC7D81E001F656F /* GameOfThronesXcode15 */,
				D06AD7D72CC7D81F001F656F /* GameOfThronesXcode15Tests */,
				D06AD7E12CC7D81F001F656F /* GameOfThronesXcode15UITests */,
			);
		};
/* End PBXProject section */

/* Begin PBXResourcesBuildPhase section */
		D06AD7C02CC7D81E001F656F /* Resources */ = {
			isa = PBXResourcesBuildPhase;
			buildActionMask = 2147483647;
			files = (
				D06AD7CF2CC7D81F001F656F /* Assets.xcassets in Resources */,
				D06AD7D22CC7D81F001F656F /* Base in Resources */,
				D06AD7CD2CC7D81E001F656F /* Base in Resources */,
			);
			runOnlyForDeploymentPostprocessing = 0;
		};
		D06AD7D62CC7D81F001F656F /* Resources */ = {
			isa = PBXResourcesBuildPhase;
			buildActionMask = 2147483647;
			files = (
			);
			runOnlyForDeploymentPostprocessing = 0;
		};
		D06AD7E02CC7D81F001F656F /* Resources */ = {
			isa = PBXResourcesBuildPhase;
			buildActionMask = 2147483647;
			files = (
			);
			runOnlyForDeploymentPostprocessing = 0;
		};
/* End PBXResourcesBuildPhase section */

/* Begin PBXSourcesBuildPhase section */
		D06AD7BE2CC7D81E001F656F /* Sources */ = {
			isa = PBXSourcesBuildPhase;
			buildActionMask = 2147483647;
			files = (
				D07B8AA92CC7D8A600A77891 /* AppDelegate.swift in Sources */,
				D07B8A932CC7D88B00A77891 /* BooksTableViewCell.swift in Sources */,
				D07B8A942CC7D88B00A77891 /* Book.swift in Sources */,
				D07B8A952CC7D88B00A77891 /* CharacterTableViewCell.swift in Sources */,
				D07B8A962CC7D88B00A77891 /* HousesViewController.swift in Sources */,
				D07B8A972CC7D88B00A77891 /* CharactersViewModel.swift in Sources */,
				D07B8A982CC7D88B00A77891 /* RootViewModel.swift in Sources */,
				D07B8A992CC7D88B00A77891 /* HouseTableViewCell.swift in Sources */,
				D07B8A9A2CC7D88B00A77891 /* JSONDecoderService.swift in Sources */,
				D07B8A9B2CC7D88B00A77891 /* Appearance.swift in Sources */,
				D07B8A9C2CC7D88B00A77891 /* GCDBlackBox.swift in Sources */,
				D07B8A9D2CC7D88B00A77891 /* MockNetworkService.swift in Sources */,
				D07B8A9E2CC7D88B00A77891 /* RequestConstant.swift in Sources */,
				D07B8A9F2CC7D88B00A77891 /* Character.swift in Sources */,
				D07B8AA02CC7D88B00A77891 /* House.swift in Sources */,
				D07B8AA12CC7D88B00A77891 /* BooksViewController.swift in Sources */,
				D07B8AA22CC7D88B00A77891 /* NetworkService.swift in Sources */,
				D07B8AA32CC7D88B00A77891 /* RootViewController.swift in Sources */,
				D07B8AA42CC7D88B00A77891 /* DateFormatterService.swift in Sources */,
				D07B8AA52CC7D88B00A77891 /* CharactersViewController.swift in Sources */,
				D07B8AA62CC7D88B00A77891 /* BooksViewModel.swift in Sources */,
				D07B8AA72CC7D88B00A77891 /* HousesViewModel.swift in Sources */,
			);
			runOnlyForDeploymentPostprocessing = 0;
		};
		D06AD7D42CC7D81F001F656F /* Sources */ = {
			isa = PBXSourcesBuildPhase;
			buildActionMask = 2147483647;
			files = (
				D07B8AB42CC7D97B00A77891 /* MockNetworkService.swift in Sources */,
				D07B8AB52CC7D97B00A77891 /* HousesViewModelTests.swift in Sources */,
				D07B8AB62CC7D97B00A77891 /* CharactersViewModelTests.swift in Sources */,
				D07B8AB72CC7D97B00A77891 /* NetworkServiceTests.swift in Sources */,
				D07B8AB82CC7D97B00A77891 /* RootViewControllerTests.swift in Sources */,
				D07B8AB92CC7D97B00A77891 /* MockJSONDecoderService.swift in Sources */,
				D07B8ABA2CC7D97B00A77891 /* BooksViewModelTests.swift in Sources */,
			);
			runOnlyForDeploymentPostprocessing = 0;
		};
		D06AD7DE2CC7D81F001F656F /* Sources */ = {
			isa = PBXSourcesBuildPhase;
			buildActionMask = 2147483647;
			files = (
				D07B8ABE2CC7D98D00A77891 /* CharactersViewControllerUITests.swift in Sources */,
				D07B8ABF2CC7D98D00A77891 /* HousesViewControllerUITests.swift in Sources */,
				D07B8AC02CC7D98D00A77891 /* BooksViewControllerUITests.swift in Sources */,
			);
			runOnlyForDeploymentPostprocessing = 0;
		};
/* End PBXSourcesBuildPhase section */

/* Begin PBXTargetDependency section */
		D06AD7DA2CC7D81F001F656F /* PBXTargetDependency */ = {
			isa = PBXTargetDependency;
			target = D06AD7C12CC7D81E001F656F /* GameOfThronesXcode15 */;
			targetProxy = D06AD7D92CC7D81F001F656F /* PBXContainerItemProxy */;
		};
		D06AD7E42CC7D81F001F656F /* PBXTargetDependency */ = {
			isa = PBXTargetDependency;
			target = D06AD7C12CC7D81E001F656F /* GameOfThronesXcode15 */;
			targetProxy = D06AD7E32CC7D81F001F656F /* PBXContainerItemProxy */;
		};
/* End PBXTargetDependency section */

/* Begin PBXVariantGroup section */
		D06AD7CB2CC7D81E001F656F /* Main.storyboard */ = {
			isa = PBXVariantGroup;
			children = (
				D06AD7CC2CC7D81E001F656F /* Base */,
			);
			name = Main.storyboard;
			sourceTree = "<group>";
		};
		D06AD7D02CC7D81F001F656F /* LaunchScreen.storyboard */ = {
			isa = PBXVariantGroup;
			children = (
				D06AD7D12CC7D81F001F656F /* Base */,
			);
			name = LaunchScreen.storyboard;
			sourceTree = "<group>";
		};
/* End PBXVariantGroup section */

/* Begin XCBuildConfiguration section */
		D06AD7EA2CC7D81F001F656F /* Debug */ = {
			isa = XCBuildConfiguration;
			buildSettings = {
				ALWAYS_SEARCH_USER_PATHS = NO;
				ASSETCATALOG_COMPILER_GENERATE_SWIFT_ASSET_SYMBOL_EXTENSIONS = YES;
				CLANG_ANALYZER_NONNULL = YES;
				CLANG_ANALYZER_NUMBER_OBJECT_CONVERSION = YES_AGGRESSIVE;
				CLANG_CXX_LANGUAGE_STANDARD = "gnu++20";
				CLANG_ENABLE_MODULES = YES;
				CLANG_ENABLE_OBJC_ARC = YES;
				CLANG_ENABLE_OBJC_WEAK = YES;
				CLANG_WARN_BLOCK_CAPTURE_AUTORELEASING = YES;
				CLANG_WARN_BOOL_CONVERSION = YES;
				CLANG_WARN_COMMA = YES;
				CLANG_WARN_CONSTANT_CONVERSION = YES;
				CLANG_WARN_DEPRECATED_OBJC_IMPLEMENTATIONS = YES;
				CLANG_WARN_DIRECT_OBJC_ISA_USAGE = YES_ERROR;
				CLANG_WARN_DOCUMENTATION_COMMENTS = YES;
				CLANG_WARN_EMPTY_BODY = YES;
				CLANG_WARN_ENUM_CONVERSION = YES;
				CLANG_WARN_INFINITE_RECURSION = YES;
				CLANG_WARN_INT_CONVERSION = YES;
				CLANG_WARN_NON_LITERAL_NULL_CONVERSION = YES;
				CLANG_WARN_OBJC_IMPLICIT_RETAIN_SELF = YES;
				CLANG_WARN_OBJC_LITERAL_CONVERSION = YES;
				CLANG_WARN_OBJC_ROOT_CLASS = YES_ERROR;
				CLANG_WARN_QUOTED_INCLUDE_IN_FRAMEWORK_HEADER = YES;
				CLANG_WARN_RANGE_LOOP_ANALYSIS = YES;
				CLANG_WARN_STRICT_PROTOTYPES = YES;
				CLANG_WARN_SUSPICIOUS_MOVE = YES;
				CLANG_WARN_UNGUARDED_AVAILABILITY = YES_AGGRESSIVE;
				CLANG_WARN_UNREACHABLE_CODE = YES;
				CLANG_WARN__DUPLICATE_METHOD_MATCH = YES;
				COPY_PHASE_STRIP = NO;
				DEBUG_INFORMATION_FORMAT = dwarf;
				ENABLE_STRICT_OBJC_MSGSEND = YES;
				ENABLE_TESTABILITY = YES;
				ENABLE_USER_SCRIPT_SANDBOXING = YES;
				GCC_C_LANGUAGE_STANDARD = gnu17;
				GCC_DYNAMIC_NO_PIC = NO;
				GCC_NO_COMMON_BLOCKS = YES;
				GCC_OPTIMIZATION_LEVEL = 0;
				GCC_PREPROCESSOR_DEFINITIONS = (
					"DEBUG=1",
					"$(inherited)",
				);
				GCC_WARN_64_TO_32_BIT_CONVERSION = YES;
				GCC_WARN_ABOUT_RETURN_TYPE = YES_ERROR;
				GCC_WARN_UNDECLARED_SELECTOR = YES;
				GCC_WARN_UNINITIALIZED_AUTOS = YES_AGGRESSIVE;
				GCC_WARN_UNUSED_FUNCTION = YES;
				GCC_WARN_UNUSED_VARIABLE = YES;
				IPHONEOS_DEPLOYMENT_TARGET = 17.5;
				LOCALIZATION_PREFERS_STRING_CATALOGS = YES;
				MTL_ENABLE_DEBUG_INFO = INCLUDE_SOURCE;
				MTL_FAST_MATH = YES;
				ONLY_ACTIVE_ARCH = YES;
				SDKROOT = iphoneos;
				SWIFT_ACTIVE_COMPILATION_CONDITIONS = "DEBUG $(inherited)";
				SWIFT_OPTIMIZATION_LEVEL = "-Onone";
			};
			name = Debug;
		};
		D06AD7EB2CC7D81F001F656F /* Release */ = {
			isa = XCBuildConfiguration;
			buildSettings = {
				ALWAYS_SEARCH_USER_PATHS = NO;
				ASSETCATALOG_COMPILER_GENERATE_SWIFT_ASSET_SYMBOL_EXTENSIONS = YES;
				CLANG_ANALYZER_NONNULL = YES;
				CLANG_ANALYZER_NUMBER_OBJECT_CONVERSION = YES_AGGRESSIVE;
				CLANG_CXX_LANGUAGE_STANDARD = "gnu++20";
				CLANG_ENABLE_MODULES = YES;
				CLANG_ENABLE_OBJC_ARC = YES;
				CLANG_ENABLE_OBJC_WEAK = YES;
				CLANG_WARN_BLOCK_CAPTURE_AUTORELEASING = YES;
				CLANG_WARN_BOOL_CONVERSION = YES;
				CLANG_WARN_COMMA = YES;
				CLANG_WARN_CONSTANT_CONVERSION = YES;
				CLANG_WARN_DEPRECATED_OBJC_IMPLEMENTATIONS = YES;
				CLANG_WARN_DIRECT_OBJC_ISA_USAGE = YES_ERROR;
				CLANG_WARN_DOCUMENTATION_COMMENTS = YES;
				CLANG_WARN_EMPTY_BODY = YES;
				CLANG_WARN_ENUM_CONVERSION = YES;
				CLANG_WARN_INFINITE_RECURSION = YES;
				CLANG_WARN_INT_CONVERSION = YES;
				CLANG_WARN_NON_LITERAL_NULL_CONVERSION = YES;
				CLANG_WARN_OBJC_IMPLICIT_RETAIN_SELF = YES;
				CLANG_WARN_OBJC_LITERAL_CONVERSION = YES;
				CLANG_WARN_OBJC_ROOT_CLASS = YES_ERROR;
				CLANG_WARN_QUOTED_INCLUDE_IN_FRAMEWORK_HEADER = YES;
				CLANG_WARN_RANGE_LOOP_ANALYSIS = YES;
				CLANG_WARN_STRICT_PROTOTYPES = YES;
				CLANG_WARN_SUSPICIOUS_MOVE = YES;
				CLANG_WARN_UNGUARDED_AVAILABILITY = YES_AGGRESSIVE;
				CLANG_WARN_UNREACHABLE_CODE = YES;
				CLANG_WARN__DUPLICATE_METHOD_MATCH = YES;
				COPY_PHASE_STRIP = NO;
				DEBUG_INFORMATION_FORMAT = "dwarf-with-dsym";
				ENABLE_NS_ASSERTIONS = NO;
				ENABLE_STRICT_OBJC_MSGSEND = YES;
				ENABLE_USER_SCRIPT_SANDBOXING = YES;
				GCC_C_LANGUAGE_STANDARD = gnu17;
				GCC_NO_COMMON_BLOCKS = YES;
				GCC_WARN_64_TO_32_BIT_CONVERSION = YES;
				GCC_WARN_ABOUT_RETURN_TYPE = YES_ERROR;
				GCC_WARN_UNDECLARED_SELECTOR = YES;
				GCC_WARN_UNINITIALIZED_AUTOS = YES_AGGRESSIVE;
				GCC_WARN_UNUSED_FUNCTION = YES;
				GCC_WARN_UNUSED_VARIABLE = YES;
				IPHONEOS_DEPLOYMENT_TARGET = 17.5;
				LOCALIZATION_PREFERS_STRING_CATALOGS = YES;
				MTL_ENABLE_DEBUG_INFO = NO;
				MTL_FAST_MATH = YES;
				SDKROOT = iphoneos;
				SWIFT_COMPILATION_MODE = wholemodule;
				VALIDATE_PRODUCT = YES;
			};
			name = Release;
		};
		D06AD7ED2CC7D81F001F656F /* Debug */ = {
			isa = XCBuildConfiguration;
			buildSettings = {
				ASSETCATALOG_COMPILER_APPICON_NAME = AppIcon;
				ASSETCATALOG_COMPILER_GLOBAL_ACCENT_COLOR_NAME = AccentColor;
				CODE_SIGN_STYLE = Automatic;
				CURRENT_PROJECT_VERSION = 1;
				GENERATE_INFOPLIST_FILE = YES;
				INFOPLIST_FILE = GameOfThronesXcode15/Info.plist;
				INFOPLIST_KEY_UIApplicationSupportsIndirectInputEvents = YES;
				INFOPLIST_KEY_UILaunchStoryboardName = LaunchScreen;
				INFOPLIST_KEY_UIMainStoryboardFile = Main;
				INFOPLIST_KEY_UISupportedInterfaceOrientations_iPad = "UIInterfaceOrientationPortrait UIInterfaceOrientationPortraitUpsideDown UIInterfaceOrientationLandscapeLeft UIInterfaceOrientationLandscapeRight";
				INFOPLIST_KEY_UISupportedInterfaceOrientations_iPhone = "UIInterfaceOrientationPortrait UIInterfaceOrientationLandscapeLeft UIInterfaceOrientationLandscapeRight";
				LD_RUNPATH_SEARCH_PATHS = (
					"$(inherited)",
					"@executable_path/Frameworks",
				);
				MARKETING_VERSION = 1.0;
				PRODUCT_BUNDLE_IDENTIFIER = com.capitan.com.GameOfThronesXcode15;
				PRODUCT_NAME = "$(TARGET_NAME)";
				SWIFT_EMIT_LOC_STRINGS = YES;
				SWIFT_VERSION = 5.0;
				TARGETED_DEVICE_FAMILY = "1,2";
			};
			name = Debug;
		};
		D06AD7EE2CC7D81F001F656F /* Release */ = {
			isa = XCBuildConfiguration;
			buildSettings = {
				ASSETCATALOG_COMPILER_APPICON_NAME = AppIcon;
				ASSETCATALOG_COMPILER_GLOBAL_ACCENT_COLOR_NAME = AccentColor;
				CODE_SIGN_STYLE = Automatic;
				CURRENT_PROJECT_VERSION = 1;
				GENERATE_INFOPLIST_FILE = YES;
				INFOPLIST_FILE = GameOfThronesXcode15/Info.plist;
				INFOPLIST_KEY_UIApplicationSupportsIndirectInputEvents = YES;
				INFOPLIST_KEY_UILaunchStoryboardName = LaunchScreen;
				INFOPLIST_KEY_UIMainStoryboardFile = Main;
				INFOPLIST_KEY_UISupportedInterfaceOrientations_iPad = "UIInterfaceOrientationPortrait UIInterfaceOrientationPortraitUpsideDown UIInterfaceOrientationLandscapeLeft UIInterfaceOrientationLandscapeRight";
				INFOPLIST_KEY_UISupportedInterfaceOrientations_iPhone = "UIInterfaceOrientationPortrait UIInterfaceOrientationLandscapeLeft UIInterfaceOrientationLandscapeRight";
				LD_RUNPATH_SEARCH_PATHS = (
					"$(inherited)",
					"@executable_path/Frameworks",
				);
				MARKETING_VERSION = 1.0;
				PRODUCT_BUNDLE_IDENTIFIER = com.capitan.com.GameOfThronesXcode15;
				PRODUCT_NAME = "$(TARGET_NAME)";
				SWIFT_EMIT_LOC_STRINGS = YES;
				SWIFT_VERSION = 5.0;
				TARGETED_DEVICE_FAMILY = "1,2";
			};
			name = Release;
		};
		D06AD7F02CC7D81F001F656F /* Debug */ = {
			isa = XCBuildConfiguration;
			buildSettings = {
				BUNDLE_LOADER = "$(TEST_HOST)";
				CLANG_ENABLE_MODULES = YES;
				CODE_SIGN_STYLE = Automatic;
				CURRENT_PROJECT_VERSION = 1;
				GENERATE_INFOPLIST_FILE = YES;
				IPHONEOS_DEPLOYMENT_TARGET = 17.5;
				MARKETING_VERSION = 1.0;
				PRODUCT_BUNDLE_IDENTIFIER = com.capitan.com.GameOfThronesXcode15Tests;
				PRODUCT_NAME = "$(TARGET_NAME)";
				SWIFT_EMIT_LOC_STRINGS = NO;
				SWIFT_OPTIMIZATION_LEVEL = "-Onone";
				SWIFT_VERSION = 5.0;
				TARGETED_DEVICE_FAMILY = "1,2";
				TEST_HOST = "$(BUILT_PRODUCTS_DIR)/GameOfThronesXcode15.app/$(BUNDLE_EXECUTABLE_FOLDER_PATH)/GameOfThronesXcode15";
			};
			name = Debug;
		};
		D06AD7F12CC7D81F001F656F /* Release */ = {
			isa = XCBuildConfiguration;
			buildSettings = {
				BUNDLE_LOADER = "$(TEST_HOST)";
				CLANG_ENABLE_MODULES = YES;
				CODE_SIGN_STYLE = Automatic;
				CURRENT_PROJECT_VERSION = 1;
				GENERATE_INFOPLIST_FILE = YES;
				IPHONEOS_DEPLOYMENT_TARGET = 17.5;
				MARKETING_VERSION = 1.0;
				PRODUCT_BUNDLE_IDENTIFIER = com.capitan.com.GameOfThronesXcode15Tests;
				PRODUCT_NAME = "$(TARGET_NAME)";
				SWIFT_EMIT_LOC_STRINGS = NO;
				SWIFT_VERSION = 5.0;
				TARGETED_DEVICE_FAMILY = "1,2";
				TEST_HOST = "$(BUILT_PRODUCTS_DIR)/GameOfThronesXcode15.app/$(BUNDLE_EXECUTABLE_FOLDER_PATH)/GameOfThronesXcode15";
			};
			name = Release;
		};
		D06AD7F32CC7D81F001F656F /* Debug */ = {
			isa = XCBuildConfiguration;
			buildSettings = {
				CLANG_ENABLE_MODULES = YES;
				CODE_SIGN_STYLE = Automatic;
				CURRENT_PROJECT_VERSION = 1;
				GENERATE_INFOPLIST_FILE = YES;
				MARKETING_VERSION = 1.0;
				PRODUCT_BUNDLE_IDENTIFIER = com.capitan.com.GameOfThronesXcode15UITests;
				PRODUCT_NAME = "$(TARGET_NAME)";
				SWIFT_EMIT_LOC_STRINGS = NO;
				SWIFT_OPTIMIZATION_LEVEL = "-Onone";
				SWIFT_VERSION = 5.0;
				TARGETED_DEVICE_FAMILY = "1,2";
				TEST_TARGET_NAME = GameOfThronesXcode15;
			};
			name = Debug;
		};
		D06AD7F42CC7D81F001F656F /* Release */ = {
			isa = XCBuildConfiguration;
			buildSettings = {
				CLANG_ENABLE_MODULES = YES;
				CODE_SIGN_STYLE = Automatic;
				CURRENT_PROJECT_VERSION = 1;
				GENERATE_INFOPLIST_FILE = YES;
				MARKETING_VERSION = 1.0;
				PRODUCT_BUNDLE_IDENTIFIER = com.capitan.com.GameOfThronesXcode15UITests;
				PRODUCT_NAME = "$(TARGET_NAME)";
				SWIFT_EMIT_LOC_STRINGS = NO;
				SWIFT_VERSION = 5.0;
				TARGETED_DEVICE_FAMILY = "1,2";
				TEST_TARGET_NAME = GameOfThronesXcode15;
			};
			name = Release;
		};
/* End XCBuildConfiguration section */

/* Begin XCConfigurationList section */
		D06AD7BD2CC7D81E001F656F /* Build configuration list for PBXProject "GameOfThronesXcode15" */ = {
			isa = XCConfigurationList;
			buildConfigurations = (
				D06AD7EA2CC7D81F001F656F /* Debug */,
				D06AD7EB2CC7D81F001F656F /* Release */,
			);
			defaultConfigurationIsVisible = 0;
			defaultConfigurationName = Release;
		};
		D06AD7EC2CC7D81F001F656F /* Build configuration list for PBXNativeTarget "GameOfThronesXcode15" */ = {
			isa = XCConfigurationList;
			buildConfigurations = (
				D06AD7ED2CC7D81F001F656F /* Debug */,
				D06AD7EE2CC7D81F001F656F /* Release */,
			);
			defaultConfigurationIsVisible = 0;
			defaultConfigurationName = Release;
		};
		D06AD7EF2CC7D81F001F656F /* Build configuration list for PBXNativeTarget "GameOfThronesXcode15Tests" */ = {
			isa = XCConfigurationList;
			buildConfigurations = (
				D06AD7F02CC7D81F001F656F /* Debug */,
				D06AD7F12CC7D81F001F656F /* Release */,
			);
			defaultConfigurationIsVisible = 0;
			defaultConfigurationName = Release;
		};
		D06AD7F22CC7D81F001F656F /* Build configuration list for PBXNativeTarget "GameOfThronesXcode15UITests" */ = {
			isa = XCConfigurationList;
			buildConfigurations = (
				D06AD7F32CC7D81F001F656F /* Debug */,
				D06AD7F42CC7D81F001F656F /* Release */,
			);
			defaultConfigurationIsVisible = 0;
			defaultConfigurationName = Release;
		};
/* End XCConfigurationList section */

/* Begin XCRemoteSwiftPackageReference section */
		D07B8AAA2CC7D8F600A77891 /* XCRemoteSwiftPackageReference "PromiseKit" */ = {
			isa = XCRemoteSwiftPackageReference;
			repositoryURL = "https://github.com/mxcl/PromiseKit";
			requirement = {
				kind = upToNextMajorVersion;
				minimumVersion = 8.1.2;
			};
		};
/* End XCRemoteSwiftPackageReference section */

/* Begin XCSwiftPackageProductDependency section */
		D07B8AAB2CC7D8F600A77891 /* PromiseKit */ = {
			isa = XCSwiftPackageProductDependency;
			package = D07B8AAA2CC7D8F600A77891 /* XCRemoteSwiftPackageReference "PromiseKit" */;
			productName = PromiseKit;
		};
/* End XCSwiftPackageProductDependency section */
	};
	rootObject = D06AD7BA2CC7D81E001F656F /* Project object */;
}
